
Microsoft Visual Studio Solution File, Format Version 12.00
# Visual Studio Version 16
VisualStudioVersion = 16.0.29324.140
MinimumVisualStudioVersion = 10.0.40219.1
Project("{FAE04EC0-301F-11D3-BF4B-00C04F79EFBC}") = "Webcam Projekt 2", "Webcam Projekt 2\Webcam Projekt 2.csproj", "{ED813B3C-F1E1-43F5-819F-C44140C3333B}"
EndProject
Global
	GlobalSection(SolutionConfigurationPlatforms) = preSolution
		Debug|Any CPU = Debug|Any CPU
		Release|Any CPU = Release|Any CPU
	EndGlobalSection
	GlobalSection(ProjectConfigurationPlatforms) = postSolution
		{ED813B3C-F1E1-43F5-819F-C44140C3333B}.Debug|Any CPU.ActiveCfg = Debug|Any CPU
		{ED813B3C-F1E1-43F5-819F-C44140C3333B}.Debug|Any CPU.Build.0 = Debug|Any CPU
		{ED813B3C-F1E1-43F5-819F-C44140C3333B}.Release|Any CPU.ActiveCfg = Release|Any CPU
		{ED813B3C-F1E1-43F5-819F-C44140C3333B}.Release|Any CPU.Build.0 = Release|Any CPU
	EndGlobalSection
	GlobalSection(SolutionProperties) = preSolution
		HideSolutionNode = FALSE
	EndGlobalSection
	GlobalSection(ExtensibilityGlobals) = postSolution
		SolutionGuid = {70CD5710-C271-48EB-8B30-251C559BBDA0}
	EndGlobalSection
EndGlobal
